<Solution>
  <Project Path="OrderProcessing.API/OrderProcessing.API.csproj" />
  <Project Path="OrderProcessing.Application/OrderProcessing.Application.csproj" />
  <Project Path="OrderProcessing.Domain/OrderProcessing.Domain.csproj" />
  <Project Path="OrderProcessing.Infrastructure/OrderProcessing.Infrastructure.csproj" />
</Solution>
